
Microsoft Visual Studio Solution File, Format Version 12.00
# Visual Studio Version 16
VisualStudioVersion = 16.0.29009.5
MinimumVisualStudioVersion = 10.0.40219.1
Project("{FAE04EC0-301F-11D3-BF4B-00C04F79EFBC}") = "PrismSampleWithAppCenter", "PrismSampleWithAppCenter\PrismSampleWithAppCenter.csproj", "{A5938CD5-B79E-46ED-AB49-2ADB93F2F59B}"
EndProject
Project("{FAE04EC0-301F-11D3-BF4B-00C04F79EFBC}") = "PageA", "PageA\PageA.csproj", "{533112D6-BD96-48B9-8574-0E72736F6071}"
EndProject
Project("{FAE04EC0-301F-11D3-BF4B-00C04F79EFBC}") = "PageB", "PageB\PageB.csproj", "{C1B9E1E1-33AA-4ABB-814C-B8F6BD51B8AA}"
EndProject
Project("{FAE04EC0-301F-11D3-BF4B-00C04F79EFBC}") = "PageC", "PageC\PageC.csproj", "{A4903669-37FE-49DE-BCF9-3FF6AB582B42}"
EndProject
Global
	GlobalSection(SolutionConfigurationPlatforms) = preSolution
		Debug|Any CPU = Debug|Any CPU
		Release|Any CPU = Release|Any CPU
	EndGlobalSection
	GlobalSection(ProjectConfigurationPlatforms) = postSolution
		{A5938CD5-B79E-46ED-AB49-2ADB93F2F59B}.Debug|Any CPU.ActiveCfg = Debug|Any CPU
		{A5938CD5-B79E-46ED-AB49-2ADB93F2F59B}.Debug|Any CPU.Build.0 = Debug|Any CPU
		{A5938CD5-B79E-46ED-AB49-2ADB93F2F59B}.Release|Any CPU.ActiveCfg = Release|Any CPU
		{A5938CD5-B79E-46ED-AB49-2ADB93F2F59B}.Release|Any CPU.Build.0 = Release|Any CPU
		{533112D6-BD96-48B9-8574-0E72736F6071}.Debug|Any CPU.ActiveCfg = Debug|Any CPU
		{533112D6-BD96-48B9-8574-0E72736F6071}.Debug|Any CPU.Build.0 = Debug|Any CPU
		{533112D6-BD96-48B9-8574-0E72736F6071}.Release|Any CPU.ActiveCfg = Release|Any CPU
		{533112D6-BD96-48B9-8574-0E72736F6071}.Release|Any CPU.Build.0 = Release|Any CPU
		{C1B9E1E1-33AA-4ABB-814C-B8F6BD51B8AA}.Debug|Any CPU.ActiveCfg = Debug|Any CPU
		{C1B9E1E1-33AA-4ABB-814C-B8F6BD51B8AA}.Debug|Any CPU.Build.0 = Debug|Any CPU
		{C1B9E1E1-33AA-4ABB-814C-B8F6BD51B8AA}.Release|Any CPU.ActiveCfg = Release|Any CPU
		{C1B9E1E1-33AA-4ABB-814C-B8F6BD51B8AA}.Release|Any CPU.Build.0 = Release|Any CPU
		{A4903669-37FE-49DE-BCF9-3FF6AB582B42}.Debug|Any CPU.ActiveCfg = Debug|Any CPU
		{A4903669-37FE-49DE-BCF9-3FF6AB582B42}.Debug|Any CPU.Build.0 = Debug|Any CPU
		{A4903669-37FE-49DE-BCF9-3FF6AB582B42}.Release|Any CPU.ActiveCfg = Release|Any CPU
		{A4903669-37FE-49DE-BCF9-3FF6AB582B42}.Release|Any CPU.Build.0 = Release|Any CPU
	EndGlobalSection
	GlobalSection(SolutionProperties) = preSolution
		HideSolutionNode = FALSE
	EndGlobalSection
	GlobalSection(ExtensibilityGlobals) = postSolution
		SolutionGuid = {54011E45-E8B0-4553-B41A-650EAA3EA0EF}
	EndGlobalSection
EndGlobal
